{
  "name": "miniapp-sdk-test-app",
  "version": "1.0.0",
  "lockfileVersion": 3,
  "requires": true,
  "packages": {
    "": {
      "name": "miniapp-sdk-test-app",
      "version": "1.0.0",
      "dependencies": {
        "@tribe/miniapp-sdk": "file:../miniapp-sdk"
      }
    },
    "../miniapp-sdk": {
      "name": "@tribe/miniapp-sdk",
      "version": "1.1.0",
      "license": "UNLICENSED"
    },
    "node_modules/@tribe/miniapp-sdk": {
      "resolved": "../miniapp-sdk",
      "link": true
    }
  }
}
